[[dependencies]]
name = "@solidstate-contracts"
version = "0.0.60"
url = "https://soldeer-revisions.s3.amazonaws.com/@solidstate-contracts/0_0_60_22-06-2024_06:01:47_contracts.zip"
checksum = "17742b83b4cfd27de01469310d0db6a15c90fe42b730ae7bcb468c6b1872497c"
integrity = "898b6ed755468255a321bce397a349ddbc83ad3d2b3c57fa20fe2499ce71f283"

[[dependencies]]
name = "forge-std"
version = "1.9.4"
url = "https://soldeer-revisions.s3.amazonaws.com/forge-std/1_9_4_25-10-2024_14:36:59_forge-std-1.9.zip"
checksum = "b5be24beb5e4dab5e42221b2ad1288b64c826bee5ee71b6159ba93ffe86f14d4"
integrity = "3874463846ab995a6a9a88412913cacec6144f7605daa1af57c2d8bf3f210b13"

[[dependencies]]
name = "solady"
version = "0.0.278"
url = "https://soldeer-revisions.s3.amazonaws.com/solady/0_0_278_07-12-2024_14:53:45_solady.zip"
checksum = "74ee8d8db20aa2283ae43491466fd89a8da074382ca2630f608a8d57dd2c1601"
integrity = "a52f19597da5a4675ad17408460e1790c7f2fb5d72e8afd18c8c383f749d56b6"
